
Microsoft Visual Studio Solution File, Format Version 12.00
# Visual Studio Version 16
VisualStudioVersion = 16.0.29503.13
MinimumVisualStudioVersion = 10.0.40219.1
Project("{FAE04EC0-301F-11D3-BF4B-00C04F79EFBC}") = "WindowsFormsApp1", "WindowsFormsApp1\WindowsFormsApp1.csproj", "{45EFC489-E700-4424-B090-958CB20195B3}"
EndProject
Global
	GlobalSection(SolutionConfigurationPlatforms) = preSolution
		Debug|Any CPU = Debug|Any CPU
		Release|Any CPU = Release|Any CPU
	EndGlobalSection
	GlobalSection(ProjectConfigurationPlatforms) = postSolution
		{45EFC489-E700-4424-B090-958CB20195B3}.Debug|Any CPU.ActiveCfg = Debug|Any CPU
		{45EFC489-E700-4424-B090-958CB20195B3}.Debug|Any CPU.Build.0 = Debug|Any CPU
		{45EFC489-E700-4424-B090-958CB20195B3}.Release|Any CPU.ActiveCfg = Release|Any CPU
		{45EFC489-E700-4424-B090-958CB20195B3}.Release|Any CPU.Build.0 = Release|Any CPU
	EndGlobalSection
	GlobalSection(SolutionProperties) = preSolution
		HideSolutionNode = FALSE
	EndGlobalSection
	GlobalSection(ExtensibilityGlobals) = postSolution
		SolutionGuid = {0862EED1-CB2A-4992-A3FF-81BC34F87FFB}
	EndGlobalSection
EndGlobal
